<Solution>
  <Project Path="01_MainSubjects/01_MainSubjects.csproj" Id="6cc7d674-a4bb-4182-842b-bd7d84aa1f28" />
  <Project Path="02_Variables/02_Variables.csproj" Id="c350560c-fc59-40df-97a9-f74fa3e6d807" />
  <Project Path="03_MakingDecision/03_MakingDecision.csproj" Id="e9f694e1-16a6-47a2-aabc-2aa27dd8c2e3" />
</Solution>
