<Solution>
  <Project Path="01_MainSubjects/01_MainSubjects.csproj" Id="6cc7d674-a4bb-4182-842b-bd7d84aa1f28" />
  <Project Path="02_Variables/02_Variables.csproj" Id="c350560c-fc59-40df-97a9-f74fa3e6d807" />
  <Project Path="03_MakingDecision/03_MakingDecision.csproj" Id="e9f694e1-16a6-47a2-aabc-2aa27dd8c2e3" />
  <Project Path="04_Loops/04_Loops.csproj" Id="135c9363-9b0d-4fbf-bd3e-2f8b35d54962" />
  <Project Path="05_LoopsWithStars/05_LoopsWithStars.csproj" Id="30ac0931-64d3-458e-887f-7a0ebf6be112" />
  <Project Path="06_Arrays/06_Arrays.csproj" Id="2455be53-4492-4e6d-a8e5-672b3355c9ca" />
  <Project Path="07_ForeachLoop/07_ForeachLoop.csproj" Id="1371a1b0-acce-45cd-8e40-fa31991df366" />
  <Project Path="08_Methods/08_Methods.csproj" Id="48993aed-77a8-4634-937b-04543d4ca13d" />
  <Project Path="09_DatabaseProject/09_DatabaseProject.csproj" Id="ff516c6d-e815-436e-8107-13da2fd62be7" />
</Solution>
